
Microsoft Visual Studio Solution File, Format Version 12.00
# Visual Studio 14
VisualStudioVersion = 14.0.25123.0
MinimumVisualStudioVersion = 10.0.40219.1
Project("{FAE04EC0-301F-11D3-BF4B-00C04F79EFBC}") = "Tamil.Grammar.Prosody.Parser", "Tamil.Grammar.Prosody.Parser\Tamil.Grammar.Prosody.Parser.csproj", "{8154E335-1B53-4940-914E-A5E4A6612E0D}"
EndProject
Project("{2150E333-8FDC-42A3-9474-1A3956D46DE8}") = "Core", "Core", "{5F4756D0-22B1-4F0C-9B9F-933758276D6A}"
EndProject
Project("{2150E333-8FDC-42A3-9474-1A3956D46DE8}") = "Test", "Test", "{8B8097AA-7514-491C-8DC6-55C523CA4ABE}"
EndProject
Project("{2150E333-8FDC-42A3-9474-1A3956D46DE8}") = "UI", "UI", "{489B3C15-51BA-4985-9C7B-C35369336AB8}"
EndProject
Project("{FAE04EC0-301F-11D3-BF4B-00C04F79EFBC}") = "Tamil.Grammar.Prosody.Parser.Tests", "Tamil.Grammar.Prosody.Parser.Tests\Tamil.Grammar.Prosody.Parser.Tests.csproj", "{54460D3F-3C68-4D50-95AC-43710B3E06A2}"
EndProject
Project("{2150E333-8FDC-42A3-9474-1A3956D46DE8}") = "Solution Items", "Solution Items", "{587AA3C1-506D-4957-A1F3-B62CF4078C11}"
	ProjectSection(SolutionItems) = preProject
		WebEssentials2015-Settings.json = WebEssentials2015-Settings.json
	EndProjectSection
EndProject
Project("{FAE04EC0-301F-11D3-BF4B-00C04F79EFBC}") = "Tamil.Grammar.Prosody.Parser.WebUI", "Tamil.Grammar.Prosody.Parser.WebUI\Tamil.Grammar.Prosody.Parser.WebUI.csproj", "{1341A4F7-794A-4E73-855B-52D6FD8167DC}"
EndProject
Project("{FAE04EC0-301F-11D3-BF4B-00C04F79EFBC}") = "Gma.DataStructures.StringSearch", "Gma.DataStructures.StringSearch\Gma.DataStructures.StringSearch.csproj", "{17125877-2CF0-42B2-89D3-418E40BDE5D0}"
EndProject
Project("{FAE04EC0-301F-11D3-BF4B-00C04F79EFBC}") = "Tamil.Grammar.Prosody.Core", "Tamil.Grammar.Prosody.Core\Tamil.Grammar.Prosody.Core.csproj", "{9112BC2E-796D-47F6-A7C4-A25AAEA9EF49}"
EndProject
Project("{2150E333-8FDC-42A3-9474-1A3956D46DE8}") = "Infrastructure", "Infrastructure", "{45938A4A-924D-4257-B222-5BA004530F6B}"
EndProject
Project("{FAE04EC0-301F-11D3-BF4B-00C04F79EFBC}") = "Tamil.Grammar.Prosody.Infrastructure", "Tamil.Grammar.Prosody.Infrastructure\Tamil.Grammar.Prosody.Infrastructure.csproj", "{F9819535-30C5-4B05-9CDF-CED2C2003489}"
EndProject
Project("{FAE04EC0-301F-11D3-BF4B-00C04F79EFBC}") = "Tamil.Grammar.Prosody.Infrastructure.Tests", "Tamil.Grammar.Prosody.Infrastructure.Tests\Tamil.Grammar.Prosody.Infrastructure.Tests.csproj", "{B8B6B22A-ED35-4E79-89C9-8522695936F7}"
EndProject
Global
	GlobalSection(SolutionConfigurationPlatforms) = preSolution
		Debug|Any CPU = Debug|Any CPU
		Debug|Mixed Platforms = Debug|Mixed Platforms
		Debug|x86 = Debug|x86
		Release|Any CPU = Release|Any CPU
		Release|Mixed Platforms = Release|Mixed Platforms
		Release|x86 = Release|x86
	EndGlobalSection
	GlobalSection(ProjectConfigurationPlatforms) = postSolution
		{8154E335-1B53-4940-914E-A5E4A6612E0D}.Debug|Any CPU.ActiveCfg = Debug|Any CPU
		{8154E335-1B53-4940-914E-A5E4A6612E0D}.Debug|Any CPU.Build.0 = Debug|Any CPU
		{8154E335-1B53-4940-914E-A5E4A6612E0D}.Debug|Mixed Platforms.ActiveCfg = Debug|Any CPU
		{8154E335-1B53-4940-914E-A5E4A6612E0D}.Debug|Mixed Platforms.Build.0 = Debug|Any CPU
		{8154E335-1B53-4940-914E-A5E4A6612E0D}.Debug|x86.ActiveCfg = Debug|Any CPU
		{8154E335-1B53-4940-914E-A5E4A6612E0D}.Release|Any CPU.ActiveCfg = Release|Any CPU
		{8154E335-1B53-4940-914E-A5E4A6612E0D}.Release|Any CPU.Build.0 = Release|Any CPU
		{8154E335-1B53-4940-914E-A5E4A6612E0D}.Release|Mixed Platforms.ActiveCfg = Release|Any CPU
		{8154E335-1B53-4940-914E-A5E4A6612E0D}.Release|Mixed Platforms.Build.0 = Release|Any CPU
		{8154E335-1B53-4940-914E-A5E4A6612E0D}.Release|x86.ActiveCfg = Release|Any CPU
		{54460D3F-3C68-4D50-95AC-43710B3E06A2}.Debug|Any CPU.ActiveCfg = Debug|Any CPU
		{54460D3F-3C68-4D50-95AC-43710B3E06A2}.Debug|Any CPU.Build.0 = Debug|Any CPU
		{54460D3F-3C68-4D50-95AC-43710B3E06A2}.Debug|Mixed Platforms.ActiveCfg = Debug|Any CPU
		{54460D3F-3C68-4D50-95AC-43710B3E06A2}.Debug|Mixed Platforms.Build.0 = Debug|Any CPU
		{54460D3F-3C68-4D50-95AC-43710B3E06A2}.Debug|x86.ActiveCfg = Debug|Any CPU
		{54460D3F-3C68-4D50-95AC-43710B3E06A2}.Debug|x86.Build.0 = Debug|Any CPU
		{54460D3F-3C68-4D50-95AC-43710B3E06A2}.Release|Any CPU.ActiveCfg = Release|Any CPU
		{54460D3F-3C68-4D50-95AC-43710B3E06A2}.Release|Any CPU.Build.0 = Release|Any CPU
		{54460D3F-3C68-4D50-95AC-43710B3E06A2}.Release|Mixed Platforms.ActiveCfg = Release|Any CPU
		{54460D3F-3C68-4D50-95AC-43710B3E06A2}.Release|Mixed Platforms.Build.0 = Release|Any CPU
		{54460D3F-3C68-4D50-95AC-43710B3E06A2}.Release|x86.ActiveCfg = Release|Any CPU
		{54460D3F-3C68-4D50-95AC-43710B3E06A2}.Release|x86.Build.0 = Release|Any CPU
		{1341A4F7-794A-4E73-855B-52D6FD8167DC}.Debug|Any CPU.ActiveCfg = Debug|Any CPU
		{1341A4F7-794A-4E73-855B-52D6FD8167DC}.Debug|Any CPU.Build.0 = Debug|Any CPU
		{1341A4F7-794A-4E73-855B-52D6FD8167DC}.Debug|Mixed Platforms.ActiveCfg = Debug|Any CPU
		{1341A4F7-794A-4E73-855B-52D6FD8167DC}.Debug|Mixed Platforms.Build.0 = Debug|Any CPU
		{1341A4F7-794A-4E73-855B-52D6FD8167DC}.Debug|x86.ActiveCfg = Debug|Any CPU
		{1341A4F7-794A-4E73-855B-52D6FD8167DC}.Debug|x86.Build.0 = Debug|Any CPU
		{1341A4F7-794A-4E73-855B-52D6FD8167DC}.Release|Any CPU.ActiveCfg = Release|Any CPU
		{1341A4F7-794A-4E73-855B-52D6FD8167DC}.Release|Any CPU.Build.0 = Release|Any CPU
		{1341A4F7-794A-4E73-855B-52D6FD8167DC}.Release|Mixed Platforms.ActiveCfg = Release|Any CPU
		{1341A4F7-794A-4E73-855B-52D6FD8167DC}.Release|Mixed Platforms.Build.0 = Release|Any CPU
		{1341A4F7-794A-4E73-855B-52D6FD8167DC}.Release|x86.ActiveCfg = Release|Any CPU
		{1341A4F7-794A-4E73-855B-52D6FD8167DC}.Release|x86.Build.0 = Release|Any CPU
		{17125877-2CF0-42B2-89D3-418E40BDE5D0}.Debug|Any CPU.ActiveCfg = Debug|Any CPU
		{17125877-2CF0-42B2-89D3-418E40BDE5D0}.Debug|Any CPU.Build.0 = Debug|Any CPU
		{17125877-2CF0-42B2-89D3-418E40BDE5D0}.Debug|Mixed Platforms.ActiveCfg = Debug|Any CPU
		{17125877-2CF0-42B2-89D3-418E40BDE5D0}.Debug|Mixed Platforms.Build.0 = Debug|Any CPU
		{17125877-2CF0-42B2-89D3-418E40BDE5D0}.Debug|x86.ActiveCfg = Debug|Any CPU
		{17125877-2CF0-42B2-89D3-418E40BDE5D0}.Debug|x86.Build.0 = Debug|Any CPU
		{17125877-2CF0-42B2-89D3-418E40BDE5D0}.Release|Any CPU.ActiveCfg = Release|Any CPU
		{17125877-2CF0-42B2-89D3-418E40BDE5D0}.Release|Any CPU.Build.0 = Release|Any CPU
		{17125877-2CF0-42B2-89D3-418E40BDE5D0}.Release|Mixed Platforms.ActiveCfg = Release|Any CPU
		{17125877-2CF0-42B2-89D3-418E40BDE5D0}.Release|Mixed Platforms.Build.0 = Release|Any CPU
		{17125877-2CF0-42B2-89D3-418E40BDE5D0}.Release|x86.ActiveCfg = Release|Any CPU
		{17125877-2CF0-42B2-89D3-418E40BDE5D0}.Release|x86.Build.0 = Release|Any CPU
		{9112BC2E-796D-47F6-A7C4-A25AAEA9EF49}.Debug|Any CPU.ActiveCfg = Debug|Any CPU
		{9112BC2E-796D-47F6-A7C4-A25AAEA9EF49}.Debug|Any CPU.Build.0 = Debug|Any CPU
		{9112BC2E-796D-47F6-A7C4-A25AAEA9EF49}.Debug|Mixed Platforms.ActiveCfg = Debug|Any CPU
		{9112BC2E-796D-47F6-A7C4-A25AAEA9EF49}.Debug|Mixed Platforms.Build.0 = Debug|Any CPU
		{9112BC2E-796D-47F6-A7C4-A25AAEA9EF49}.Debug|x86.ActiveCfg = Debug|Any CPU
		{9112BC2E-796D-47F6-A7C4-A25AAEA9EF49}.Debug|x86.Build.0 = Debug|Any CPU
		{9112BC2E-796D-47F6-A7C4-A25AAEA9EF49}.Release|Any CPU.ActiveCfg = Release|Any CPU
		{9112BC2E-796D-47F6-A7C4-A25AAEA9EF49}.Release|Any CPU.Build.0 = Release|Any CPU
		{9112BC2E-796D-47F6-A7C4-A25AAEA9EF49}.Release|Mixed Platforms.ActiveCfg = Release|Any CPU
		{9112BC2E-796D-47F6-A7C4-A25AAEA9EF49}.Release|Mixed Platforms.Build.0 = Release|Any CPU
		{9112BC2E-796D-47F6-A7C4-A25AAEA9EF49}.Release|x86.ActiveCfg = Release|Any CPU
		{9112BC2E-796D-47F6-A7C4-A25AAEA9EF49}.Release|x86.Build.0 = Release|Any CPU
		{F9819535-30C5-4B05-9CDF-CED2C2003489}.Debug|Any CPU.ActiveCfg = Debug|Any CPU
		{F9819535-30C5-4B05-9CDF-CED2C2003489}.Debug|Any CPU.Build.0 = Debug|Any CPU
		{F9819535-30C5-4B05-9CDF-CED2C2003489}.Debug|Mixed Platforms.ActiveCfg = Debug|Any CPU
		{F9819535-30C5-4B05-9CDF-CED2C2003489}.Debug|Mixed Platforms.Build.0 = Debug|Any CPU
		{F9819535-30C5-4B05-9CDF-CED2C2003489}.Debug|x86.ActiveCfg = Debug|Any CPU
		{F9819535-30C5-4B05-9CDF-CED2C2003489}.Debug|x86.Build.0 = Debug|Any CPU
		{F9819535-30C5-4B05-9CDF-CED2C2003489}.Release|Any CPU.ActiveCfg = Release|Any CPU
		{F9819535-30C5-4B05-9CDF-CED2C2003489}.Release|Any CPU.Build.0 = Release|Any CPU
		{F9819535-30C5-4B05-9CDF-CED2C2003489}.Release|Mixed Platforms.ActiveCfg = Release|Any CPU
		{F9819535-30C5-4B05-9CDF-CED2C2003489}.Release|Mixed Platforms.Build.0 = Release|Any CPU
		{F9819535-30C5-4B05-9CDF-CED2C2003489}.Release|x86.ActiveCfg = Release|Any CPU
		{F9819535-30C5-4B05-9CDF-CED2C2003489}.Release|x86.Build.0 = Release|Any CPU
		{B8B6B22A-ED35-4E79-89C9-8522695936F7}.Debug|Any CPU.ActiveCfg = Debug|Any CPU
		{B8B6B22A-ED35-4E79-89C9-8522695936F7}.Debug|Any CPU.Build.0 = Debug|Any CPU
		{B8B6B22A-ED35-4E79-89C9-8522695936F7}.Debug|Mixed Platforms.ActiveCfg = Debug|Any CPU
		{B8B6B22A-ED35-4E79-89C9-8522695936F7}.Debug|Mixed Platforms.Build.0 = Debug|Any CPU
		{B8B6B22A-ED35-4E79-89C9-8522695936F7}.Debug|x86.ActiveCfg = Debug|Any CPU
		{B8B6B22A-ED35-4E79-89C9-8522695936F7}.Debug|x86.Build.0 = Debug|Any CPU
		{B8B6B22A-ED35-4E79-89C9-8522695936F7}.Release|Any CPU.ActiveCfg = Release|Any CPU
		{B8B6B22A-ED35-4E79-89C9-8522695936F7}.Release|Any CPU.Build.0 = Release|Any CPU
		{B8B6B22A-ED35-4E79-89C9-8522695936F7}.Release|Mixed Platforms.ActiveCfg = Release|Any CPU
		{B8B6B22A-ED35-4E79-89C9-8522695936F7}.Release|Mixed Platforms.Build.0 = Release|Any CPU
		{B8B6B22A-ED35-4E79-89C9-8522695936F7}.Release|x86.ActiveCfg = Release|Any CPU
		{B8B6B22A-ED35-4E79-89C9-8522695936F7}.Release|x86.Build.0 = Release|Any CPU
	EndGlobalSection
	GlobalSection(SolutionProperties) = preSolution
		HideSolutionNode = FALSE
	EndGlobalSection
	GlobalSection(NestedProjects) = preSolution
		{8154E335-1B53-4940-914E-A5E4A6612E0D} = {5F4756D0-22B1-4F0C-9B9F-933758276D6A}
		{54460D3F-3C68-4D50-95AC-43710B3E06A2} = {8B8097AA-7514-491C-8DC6-55C523CA4ABE}
		{1341A4F7-794A-4E73-855B-52D6FD8167DC} = {489B3C15-51BA-4985-9C7B-C35369336AB8}
		{17125877-2CF0-42B2-89D3-418E40BDE5D0} = {5F4756D0-22B1-4F0C-9B9F-933758276D6A}
		{9112BC2E-796D-47F6-A7C4-A25AAEA9EF49} = {5F4756D0-22B1-4F0C-9B9F-933758276D6A}
		{F9819535-30C5-4B05-9CDF-CED2C2003489} = {45938A4A-924D-4257-B222-5BA004530F6B}
		{B8B6B22A-ED35-4E79-89C9-8522695936F7} = {8B8097AA-7514-491C-8DC6-55C523CA4ABE}
	EndGlobalSection
EndGlobal
